// !$*UTF8*$!
{
	archiveVersion = 1;
	classes = {
	};
	objectVersion = 55;
	objects = {

/* Begin PBXBuildFile section */
		162DD60D290C034D00EEC5E8 /* Intents.intentdefinition in Sources */ = {isa = PBXBuildFile; fileRef = 162DD602290ADF3000EEC5E8 /* Intents.intentdefinition */; };
		162DD60F290CEB3100EEC5E8 /* NoTopicIntentHandler.swift in Sources */ = {isa = PBXBuildFile; fileRef = 162DD60E290CEB3100EEC5E8 /* NoTopicIntentHandler.swift */; };
		162DD611290CFAA900EEC5E8 /* IntentHandler.swift in Sources */ = {isa = PBXBuildFile; fileRef = 162DD610290CFAA900EEC5E8 /* IntentHandler.swift */; };
		162DD642290EB6E800EEC5E8 /* NewIntent.swift in Sources */ = {isa = PBXBuildFile; fileRef = 162DD641290EB6E800EEC5E8 /* NewIntent.swift */; };
		16364F092807A04500585276 /* ProvinceCell.swift in Sources */ = {isa = PBXBuildFile; fileRef = 16364F082807A04500585276 /* ProvinceCell.swift */; };
		16364F0B28085D5600585276 /* ScrollViewViewController.swift in Sources */ = {isa = PBXBuildFile; fileRef = 16364F0A28085D5600585276 /* ScrollViewViewController.swift */; };
		16364F0F280866D700585276 /* image1.jpg in Resources */ = {isa = PBXBuildFile; fileRef = 16364F0E280866D700585276 /* image1.jpg */; };
		16364F112808698700585276 /* image2.jpg in Resources */ = {isa = PBXBuildFile; fileRef = 16364F102808698700585276 /* image2.jpg */; };
		1667157728902D9D00FAA202 /* PersonInformationViewController.swift in Sources */ = {isa = PBXBuildFile; fileRef = 1667157628902D9D00FAA202 /* PersonInformationViewController.swift */; };
		168B31D52803AF78008C26DE /* QRTabBar.swift in Sources */ = {isa = PBXBuildFile; fileRef = 168B31D42803AF78008C26DE /* QRTabBar.swift */; };
		168B31D72804717C008C26DE /* MyTabBar.swift in Sources */ = {isa = PBXBuildFile; fileRef = 168B31D62804717C008C26DE /* MyTabBar.swift */; };
		168B31D9280476AA008C26DE /* MessageViewController.swift in Sources */ = {isa = PBXBuildFile; fileRef = 168B31D8280476AA008C26DE /* MessageViewController.swift */; };
		16A220332885ABE5004C09F7 /* CollectionViewCell.swift in Sources */ = {isa = PBXBuildFile; fileRef = 16A220322885ABE5004C09F7 /* CollectionViewCell.swift */; };
		16A220352886F638004C09F7 /* CollectionHeaderView.swift in Sources */ = {isa = PBXBuildFile; fileRef = 16A220342886F638004C09F7 /* CollectionHeaderView.swift */; };
		16A2203A288C27CA004C09F7 /* image0.jpg in Resources */ = {isa = PBXBuildFile; fileRef = 16A22036288C27CA004C09F7 /* image0.jpg */; };
		16A2203B288C27CA004C09F7 /* image5.jpg in Resources */ = {isa = PBXBuildFile; fileRef = 16A22037288C27CA004C09F7 /* image5.jpg */; };
		16A2203C288C27CA004C09F7 /* image3.jpg in Resources */ = {isa = PBXBuildFile; fileRef = 16A22038288C27CA004C09F7 /* image3.jpg */; };
		16A2203D288C27CA004C09F7 /* image4.jpg in Resources */ = {isa = PBXBuildFile; fileRef = 16A22039288C27CA004C09F7 /* image4.jpg */; };
		16BA5B5F28011EF600AC8BF9 /* AppDelegate.swift in Sources */ = {isa = PBXBuildFile; fileRef = 16BA5B5E28011EF600AC8BF9 /* AppDelegate.swift */; };
		16BA5B6128011EF600AC8BF9 /* SceneDelegate.swift in Sources */ = {isa = PBXBuildFile; fileRef = 16BA5B6028011EF600AC8BF9 /* SceneDelegate.swift */; };
		16BA5B6328011EF600AC8BF9 /* ViewController.swift in Sources */ = {isa = PBXBuildFile; fileRef = 16BA5B6228011EF600AC8BF9 /* ViewController.swift */; };
		16BA5B6628011EF600AC8BF9 /* Main.storyboard in Resources */ = {isa = PBXBuildFile; fileRef = 16BA5B6428011EF600AC8BF9 /* Main.storyboard */; };
		16BA5B6828011EF800AC8BF9 /* Assets.xcassets in Resources */ = {isa = PBXBuildFile; fileRef = 16BA5B6728011EF800AC8BF9 /* Assets.xcassets */; };
		16BA5B6B28011EF800AC8BF9 /* LaunchScreen.storyboard in Resources */ = {isa = PBXBuildFile; fileRef = 16BA5B6928011EF800AC8BF9 /* LaunchScreen.storyboard */; };
		16BA5B732801236B00AC8BF9 /* ProvinceViewController.swift in Sources */ = {isa = PBXBuildFile; fileRef = 16BA5B722801236B00AC8BF9 /* ProvinceViewController.swift */; };
		16BE3991288E15CE000E1E5F /* JumpToOtherPagesViewController.swift in Sources */ = {isa = PBXBuildFile; fileRef = 16BE3990288E15CE000E1E5F /* JumpToOtherPagesViewController.swift */; };
		16CB8C2F285624D9006413BC /* ProvinceModel.swift in Sources */ = {isa = PBXBuildFile; fileRef = 16CB8C2E285624D9006413BC /* ProvinceModel.swift */; };
		16CB8C312856D31F006413BC /* cities.json in Resources */ = {isa = PBXBuildFile; fileRef = 16CB8C302856D31F006413BC /* cities.json */; };
		29C2E1FF4EE86278BC671FC9 /* libPods-TestSimple.a in Frameworks */ = {isa = PBXBuildFile; fileRef = 8B253A66709A1988B427834C /* libPods-TestSimple.a */; };
/* End PBXBuildFile section */

/* Begin PBXCopyFilesBuildPhase section */
		162DD625290D3B8300EEC5E8 /* Embed ExtensionKit Extensions */ = {
			isa = PBXCopyFilesBuildPhase;
			buildActionMask = 2147483647;
			dstPath = "$(EXTENSIONS_FOLDER_PATH)";
			dstSubfolderSpec = 16;
			files = (
			);
			name = "Embed ExtensionKit Extensions";
			runOnlyForDeploymentPostprocessing = 0;
		};
/* End PBXCopyFilesBuildPhase section */

/* Begin PBXFileReference section */
		162DD602290ADF3000EEC5E8 /* Intents.intentdefinition */ = {isa = PBXFileReference; lastKnownFileType = file.intentdefinition; path = Intents.intentdefinition; sourceTree = "<group>"; };
		162DD60E290CEB3100EEC5E8 /* NoTopicIntentHandler.swift */ = {isa = PBXFileReference; lastKnownFileType = sourcecode.swift; path = NoTopicIntentHandler.swift; sourceTree = "<group>"; };
		162DD610290CFAA900EEC5E8 /* IntentHandler.swift */ = {isa = PBXFileReference; lastKnownFileType = sourcecode.swift; path = IntentHandler.swift; sourceTree = "<group>"; };
		162DD641290EB6E800EEC5E8 /* NewIntent.swift */ = {isa = PBXFileReference; lastKnownFileType = sourcecode.swift; path = NewIntent.swift; sourceTree = SOURCE_ROOT; };
		16364F082807A04500585276 /* ProvinceCell.swift */ = {isa = PBXFileReference; lastKnownFileType = sourcecode.swift; path = ProvinceCell.swift; sourceTree = "<group>"; };
		16364F0A28085D5600585276 /* ScrollViewViewController.swift */ = {isa = PBXFileReference; lastKnownFileType = sourcecode.swift; path = ScrollViewViewController.swift; sourceTree = "<group>"; };
		16364F0E280866D700585276 /* image1.jpg */ = {isa = PBXFileReference; lastKnownFileType = image.jpeg; name = image1.jpg; path = ../../../Desktop/image1.jpg; sourceTree = "<group>"; };
		16364F102808698700585276 /* image2.jpg */ = {isa = PBXFileReference; lastKnownFileType = image.jpeg; name = image2.jpg; path = ../../../Desktop/image2.jpg; sourceTree = "<group>"; };
		1667157628902D9D00FAA202 /* PersonInformationViewController.swift */ = {isa = PBXFileReference; lastKnownFileType = sourcecode.swift; path = PersonInformationViewController.swift; sourceTree = "<group>"; };
		168B31D42803AF78008C26DE /* QRTabBar.swift */ = {isa = PBXFileReference; lastKnownFileType = sourcecode.swift; path = QRTabBar.swift; sourceTree = "<group>"; };
		168B31D62804717C008C26DE /* MyTabBar.swift */ = {isa = PBXFileReference; lastKnownFileType = sourcecode.swift; path = MyTabBar.swift; sourceTree = "<group>"; };
		168B31D8280476AA008C26DE /* MessageViewController.swift */ = {isa = PBXFileReference; lastKnownFileType = sourcecode.swift; path = MessageViewController.swift; sourceTree = "<group>"; };
		16A220322885ABE5004C09F7 /* CollectionViewCell.swift */ = {isa = PBXFileReference; lastKnownFileType = sourcecode.swift; path = CollectionViewCell.swift; sourceTree = "<group>"; };
		16A220342886F638004C09F7 /* CollectionHeaderView.swift */ = {isa = PBXFileReference; lastKnownFileType = sourcecode.swift; path = CollectionHeaderView.swift; sourceTree = "<group>"; };
		16A22036288C27CA004C09F7 /* image0.jpg */ = {isa = PBXFileReference; lastKnownFileType = image.jpeg; name = image0.jpg; path = ../../../Downloads/image0.jpg; sourceTree = "<group>"; };
		16A22037288C27CA004C09F7 /* image5.jpg */ = {isa = PBXFileReference; lastKnownFileType = image.jpeg; name = image5.jpg; path = ../../../Downloads/image5.jpg; sourceTree = "<group>"; };
		16A22038288C27CA004C09F7 /* image3.jpg */ = {isa = PBXFileReference; lastKnownFileType = image.jpeg; name = image3.jpg; path = ../../../Downloads/image3.jpg; sourceTree = "<group>"; };
		16A22039288C27CA004C09F7 /* image4.jpg */ = {isa = PBXFileReference; lastKnownFileType = image.jpeg; name = image4.jpg; path = ../../../Downloads/image4.jpg; sourceTree = "<group>"; };
		16BA5B5B28011EF600AC8BF9 /* TestSimple.app */ = {isa = PBXFileReference; explicitFileType = wrapper.application; includeInIndex = 0; path = TestSimple.app; sourceTree = BUILT_PRODUCTS_DIR; };
		16BA5B5E28011EF600AC8BF9 /* AppDelegate.swift */ = {isa = PBXFileReference; lastKnownFileType = sourcecode.swift; path = AppDelegate.swift; sourceTree = "<group>"; };
		16BA5B6028011EF600AC8BF9 /* SceneDelegate.swift */ = {isa = PBXFileReference; lastKnownFileType = sourcecode.swift; path = SceneDelegate.swift; sourceTree = "<group>"; };
		16BA5B6228011EF600AC8BF9 /* ViewController.swift */ = {isa = PBXFileReference; lastKnownFileType = sourcecode.swift; path = ViewController.swift; sourceTree = "<group>"; };
		16BA5B6528011EF600AC8BF9 /* Base */ = {isa = PBXFileReference; lastKnownFileType = file.storyboard; name = Base; path = Base.lproj/Main.storyboard; sourceTree = "<group>"; };
		16BA5B6728011EF800AC8BF9 /* Assets.xcassets */ = {isa = PBXFileReference; lastKnownFileType = folder.assetcatalog; path = Assets.xcassets; sourceTree = "<group>"; };
		16BA5B6A28011EF800AC8BF9 /* Base */ = {isa = PBXFileReference; lastKnownFileType = file.storyboard; name = Base; path = Base.lproj/LaunchScreen.storyboard; sourceTree = "<group>"; };
		16BA5B6C28011EF800AC8BF9 /* Info.plist */ = {isa = PBXFileReference; lastKnownFileType = text.plist.xml; path = Info.plist; sourceTree = "<group>"; };
		16BA5B722801236B00AC8BF9 /* ProvinceViewController.swift */ = {isa = PBXFileReference; lastKnownFileType = sourcecode.swift; path = ProvinceViewController.swift; sourceTree = "<group>"; };
		16BE3990288E15CE000E1E5F /* JumpToOtherPagesViewController.swift */ = {isa = PBXFileReference; lastKnownFileType = sourcecode.swift; path = JumpToOtherPagesViewController.swift; sourceTree = "<group>"; };
		16CB8C2E285624D9006413BC /* ProvinceModel.swift */ = {isa = PBXFileReference; lastKnownFileType = sourcecode.swift; path = ProvinceModel.swift; sourceTree = "<group>"; };
		16CB8C302856D31F006413BC /* cities.json */ = {isa = PBXFileReference; fileEncoding = 4; lastKnownFileType = text.json; path = cities.json; sourceTree = "<group>"; };
		1AF01D83BED2CC3C67D9AA8F /* Pods-TestSimple.debug.xcconfig */ = {isa = PBXFileReference; includeInIndex = 1; lastKnownFileType = text.xcconfig; name = "Pods-TestSimple.debug.xcconfig"; path = "Target Support Files/Pods-TestSimple/Pods-TestSimple.debug.xcconfig"; sourceTree = "<group>"; };
		318148AEA1F2BEDCB5DBEEED /* Pods-TestSimple.release.xcconfig */ = {isa = PBXFileReference; includeInIndex = 1; lastKnownFileType = text.xcconfig; name = "Pods-TestSimple.release.xcconfig"; path = "Target Support Files/Pods-TestSimple/Pods-TestSimple.release.xcconfig"; sourceTree = "<group>"; };
		8B253A66709A1988B427834C /* libPods-TestSimple.a */ = {isa = PBXFileReference; explicitFileType = archive.ar; includeInIndex = 0; path = "libPods-TestSimple.a"; sourceTree = BUILT_PRODUCTS_DIR; };
/* End PBXFileReference section */

/* Begin PBXFrameworksBuildPhase section */
		16BA5B5828011EF600AC8BF9 /* Frameworks */ = {
			isa = PBXFrameworksBuildPhase;
			buildActionMask = 2147483647;
			files = (
				29C2E1FF4EE86278BC671FC9 /* libPods-TestSimple.a in Frameworks */,
			);
			runOnlyForDeploymentPostprocessing = 0;
		};
/* End PBXFrameworksBuildPhase section */

/* Begin PBXGroup section */
		16BA5B5228011EF600AC8BF9 = {
			isa = PBXGroup;
			children = (
				16BA5B5D28011EF600AC8BF9 /* TestSimple */,
				16BA5B5C28011EF600AC8BF9 /* Products */,
				693E23BE6BDD1CEAA3A6C81B /* Pods */,
				5251DCD6959B73D33ADFAD64 /* Frameworks */,
			);
			sourceTree = "<group>";
		};
		16BA5B5C28011EF600AC8BF9 /* Products */ = {
			isa = PBXGroup;
			children = (
				16BA5B5B28011EF600AC8BF9 /* TestSimple.app */,
			);
			name = Products;
			sourceTree = "<group>";
		};
		16BA5B5D28011EF600AC8BF9 /* TestSimple */ = {
			isa = PBXGroup;
			children = (
				162DD641290EB6E800EEC5E8 /* NewIntent.swift */,
				16BA5B5E28011EF600AC8BF9 /* AppDelegate.swift */,
				16BA5B6028011EF600AC8BF9 /* SceneDelegate.swift */,
				162DD602290ADF3000EEC5E8 /* Intents.intentdefinition */,
				162DD60E290CEB3100EEC5E8 /* NoTopicIntentHandler.swift */,
				16BA5B6228011EF600AC8BF9 /* ViewController.swift */,
				1667157628902D9D00FAA202 /* PersonInformationViewController.swift */,
				16BE3990288E15CE000E1E5F /* JumpToOtherPagesViewController.swift */,
				162DD610290CFAA900EEC5E8 /* IntentHandler.swift */,
				16364F0A28085D5600585276 /* ScrollViewViewController.swift */,
				168B31D62804717C008C26DE /* MyTabBar.swift */,
				168B31D42803AF78008C26DE /* QRTabBar.swift */,
				16BA5B6428011EF600AC8BF9 /* Main.storyboard */,
				16BA5B6728011EF800AC8BF9 /* Assets.xcassets */,
				16BA5B6928011EF800AC8BF9 /* LaunchScreen.storyboard */,
				16BA5B6C28011EF800AC8BF9 /* Info.plist */,
				16CB8C302856D31F006413BC /* cities.json */,
				16BA5B722801236B00AC8BF9 /* ProvinceViewController.swift */,
				16CB8C2E285624D9006413BC /* ProvinceModel.swift */,
				16364F082807A04500585276 /* ProvinceCell.swift */,
				168B31D8280476AA008C26DE /* MessageViewController.swift */,
				16364F0E280866D700585276 /* image1.jpg */,
				16364F102808698700585276 /* image2.jpg */,
				16A22038288C27CA004C09F7 /* image3.jpg */,
				16A22039288C27CA004C09F7 /* image4.jpg */,
				16A22037288C27CA004C09F7 /* image5.jpg */,
				16A22036288C27CA004C09F7 /* image0.jpg */,
				16A220322885ABE5004C09F7 /* CollectionViewCell.swift */,
				16A220342886F638004C09F7 /* CollectionHeaderView.swift */,
			);
			path = TestSimple;
			sourceTree = "<group>";
		};
		5251DCD6959B73D33ADFAD64 /* Frameworks */ = {
			isa = PBXGroup;
			children = (
				8B253A66709A1988B427834C /* libPods-TestSimple.a */,
			);
			name = Frameworks;
			sourceTree = "<group>";
		};
		693E23BE6BDD1CEAA3A6C81B /* Pods */ = {
			isa = PBXGroup;
			children = (
				1AF01D83BED2CC3C67D9AA8F /* Pods-TestSimple.debug.xcconfig */,
				318148AEA1F2BEDCB5DBEEED /* Pods-TestSimple.release.xcconfig */,
			);
			path = Pods;
			sourceTree = "<group>";
		};
/* End PBXGroup section */

/* Begin PBXNativeTarget section */
		16BA5B5A28011EF600AC8BF9 /* TestSimple */ = {
			isa = PBXNativeTarget;
			buildConfigurationList = 16BA5B6F28011EF800AC8BF9 /* Build configuration list for PBXNativeTarget "TestSimple" */;
			buildPhases = (
				DD13AB3BE40FBD512D9B3A51 /* [CP] Check Pods Manifest.lock */,
				16BA5B5728011EF600AC8BF9 /* Sources */,
				16BA5B5828011EF600AC8BF9 /* Frameworks */,
				16BA5B5928011EF600AC8BF9 /* Resources */,
				162DD625290D3B8300EEC5E8 /* Embed ExtensionKit Extensions */,
			);
			buildRules = (
			);
			dependencies = (
			);
			name = TestSimple;
			productName = TestSimple;
			productReference = 16BA5B5B28011EF600AC8BF9 /* TestSimple.app */;
			productType = "com.apple.product-type.application";
		};
/* End PBXNativeTarget section */

/* Begin PBXProject section */
		16BA5B5328011EF600AC8BF9 /* Project object */ = {
			isa = PBXProject;
			attributes = {
				BuildIndependentTargetsInParallel = 1;
				LastSwiftUpdateCheck = 1400;
				LastUpgradeCheck = 1330;
				TargetAttributes = {
					16BA5B5A28011EF600AC8BF9 = {
						CreatedOnToolsVersion = 13.3;
					};
				};
			};
			buildConfigurationList = 16BA5B5628011EF600AC8BF9 /* Build configuration list for PBXProject "TestSimple" */;
			compatibilityVersion = "Xcode 13.0";
			developmentRegion = en;
			hasScannedForEncodings = 0;
			knownRegions = (
				en,
				Base,
			);
			mainGroup = 16BA5B5228011EF600AC8BF9;
			productRefGroup = 16BA5B5C28011EF600AC8BF9 /* Products */;
			projectDirPath = "";
			projectRoot = "";
			targets = (
				16BA5B5A28011EF600AC8BF9 /* TestSimple */,
			);
		};
/* End PBXProject section */

/* Begin PBXResourcesBuildPhase section */
		16BA5B5928011EF600AC8BF9 /* Resources */ = {
			isa = PBXResourcesBuildPhase;
			buildActionMask = 2147483647;
			files = (
				16A2203C288C27CA004C09F7 /* image3.jpg in Resources */,
				16CB8C312856D31F006413BC /* cities.json in Resources */,
				16A2203B288C27CA004C09F7 /* image5.jpg in Resources */,
				16A2203A288C27CA004C09F7 /* image0.jpg in Resources */,
				16BA5B6B28011EF800AC8BF9 /* LaunchScreen.storyboard in Resources */,
				16BA5B6828011EF800AC8BF9 /* Assets.xcassets in Resources */,
				16A2203D288C27CA004C09F7 /* image4.jpg in Resources */,
				16364F0F280866D700585276 /* image1.jpg in Resources */,
				16BA5B6628011EF600AC8BF9 /* Main.storyboard in Resources */,
				16364F112808698700585276 /* image2.jpg in Resources */,
			);
			runOnlyForDeploymentPostprocessing = 0;
		};
/* End PBXResourcesBuildPhase section */

/* Begin PBXShellScriptBuildPhase section */
		DD13AB3BE40FBD512D9B3A51 /* [CP] Check Pods Manifest.lock */ = {
			isa = PBXShellScriptBuildPhase;
			buildActionMask = 2147483647;
			files = (
			);
			inputFileListPaths = (
			);
			inputPaths = (
				"${PODS_PODFILE_DIR_PATH}/Podfile.lock",
				"${PODS_ROOT}/Manifest.lock",
			);
			name = "[CP] Check Pods Manifest.lock";
			outputFileListPaths = (
			);
			outputPaths = (
				"$(DERIVED_FILE_DIR)/Pods-TestSimple-checkManifestLockResult.txt",
			);
			runOnlyForDeploymentPostprocessing = 0;
			shellPath = /bin/sh;
			shellScript = "diff \"${PODS_PODFILE_DIR_PATH}/Podfile.lock\" \"${PODS_ROOT}/Manifest.lock\" > /dev/null\nif [ $? != 0 ] ; then\n    # print error to STDERR\n    echo \"error: The sandbox is not in sync with the Podfile.lock. Run 'pod install' or update your CocoaPods installation.\" >&2\n    exit 1\nfi\n# This output is used by Xcode 'outputs' to avoid re-running this script phase.\necho \"SUCCESS\" > \"${SCRIPT_OUTPUT_FILE_0}\"\n";
			showEnvVarsInLog = 0;
		};
/* End PBXShellScriptBuildPhase section */

/* Begin PBXSourcesBuildPhase section */
		16BA5B5728011EF600AC8BF9 /* Sources */ = {
			isa = PBXSourcesBuildPhase;
			buildActionMask = 2147483647;
			files = (
				16364F0B28085D5600585276 /* ScrollViewViewController.swift in Sources */,
				16CB8C2F285624D9006413BC /* ProvinceModel.swift in Sources */,
				16BA5B732801236B00AC8BF9 /* ProvinceViewController.swift in Sources */,
				16BA5B6328011EF600AC8BF9 /* ViewController.swift in Sources */,
				16BA5B5F28011EF600AC8BF9 /* AppDelegate.swift in Sources */,
				16364F092807A04500585276 /* ProvinceCell.swift in Sources */,
				162DD60D290C034D00EEC5E8 /* Intents.intentdefinition in Sources */,
				16BE3991288E15CE000E1E5F /* JumpToOtherPagesViewController.swift in Sources */,
				16BA5B6128011EF600AC8BF9 /* SceneDelegate.swift in Sources */,
				168B31D52803AF78008C26DE /* QRTabBar.swift in Sources */,
				162DD611290CFAA900EEC5E8 /* IntentHandler.swift in Sources */,
				162DD642290EB6E800EEC5E8 /* NewIntent.swift in Sources */,
				168B31D72804717C008C26DE /* MyTabBar.swift in Sources */,
				16A220352886F638004C09F7 /* CollectionHeaderView.swift in Sources */,
				168B31D9280476AA008C26DE /* MessageViewController.swift in Sources */,
				1667157728902D9D00FAA202 /* PersonInformationViewController.swift in Sources */,
				16A220332885ABE5004C09F7 /* CollectionViewCell.swift in Sources */,
				162DD60F290CEB3100EEC5E8 /* NoTopicIntentHandler.swift in Sources */,
			);
			runOnlyForDeploymentPostprocessing = 0;
		};
/* End PBXSourcesBuildPhase section */

/* Begin PBXVariantGroup section */
		16BA5B6428011EF600AC8BF9 /* Main.storyboard */ = {
			isa = PBXVariantGroup;
			children = (
				16BA5B6528011EF600AC8BF9 /* Base */,
			);
			name = Main.storyboard;
			sourceTree = "<group>";
		};
		16BA5B6928011EF800AC8BF9 /* LaunchScreen.storyboard */ = {
			isa = PBXVariantGroup;
			children = (
				16BA5B6A28011EF800AC8BF9 /* Base */,
			);
			name = LaunchScreen.storyboard;
			sourceTree = "<group>";
		};
/* End PBXVariantGroup section */

/* Begin XCBuildConfiguration section */
		16BA5B6D28011EF800AC8BF9 /* Debug */ = {
			isa = XCBuildConfiguration;
			buildSettings = {
				ALWAYS_SEARCH_USER_PATHS = NO;
				CLANG_ANALYZER_NONNULL = YES;
				CLANG_ANALYZER_NUMBER_OBJECT_CONVERSION = YES_AGGRESSIVE;
				CLANG_CXX_LANGUAGE_STANDARD = "gnu++17";
				CLANG_ENABLE_MODULES = YES;
				CLANG_ENABLE_OBJC_ARC = YES;
				CLANG_ENABLE_OBJC_WEAK = YES;
				CLANG_WARN_BLOCK_CAPTURE_AUTORELEASING = YES;
				CLANG_WARN_BOOL_CONVERSION = YES;
				CLANG_WARN_COMMA = YES;
				CLANG_WARN_CONSTANT_CONVERSION = YES;
				CLANG_WARN_DEPRECATED_OBJC_IMPLEMENTATIONS = YES;
				CLANG_WARN_DIRECT_OBJC_ISA_USAGE = YES_ERROR;
				CLANG_WARN_DOCUMENTATION_COMMENTS = YES;
				CLANG_WARN_EMPTY_BODY = YES;
				CLANG_WARN_ENUM_CONVERSION = YES;
				CLANG_WARN_INFINITE_RECURSION = YES;
				CLANG_WARN_INT_CONVERSION = YES;
				CLANG_WARN_NON_LITERAL_NULL_CONVERSION = YES;
				CLANG_WARN_OBJC_IMPLICIT_RETAIN_SELF = YES;
				CLANG_WARN_OBJC_LITERAL_CONVERSION = YES;
				CLANG_WARN_OBJC_ROOT_CLASS = YES_ERROR;
				CLANG_WARN_QUOTED_INCLUDE_IN_FRAMEWORK_HEADER = YES;
				CLANG_WARN_RANGE_LOOP_ANALYSIS = YES;
				CLANG_WARN_STRICT_PROTOTYPES = YES;
				CLANG_WARN_SUSPICIOUS_MOVE = YES;
				CLANG_WARN_UNGUARDED_AVAILABILITY = YES_AGGRESSIVE;
				CLANG_WARN_UNREACHABLE_CODE = YES;
				CLANG_WARN__DUPLICATE_METHOD_MATCH = YES;
				COPY_PHASE_STRIP = NO;
				DEBUG_INFORMATION_FORMAT = dwarf;
				ENABLE_STRICT_OBJC_MSGSEND = YES;
				ENABLE_TESTABILITY = YES;
				GCC_C_LANGUAGE_STANDARD = gnu11;
				GCC_DYNAMIC_NO_PIC = NO;
				GCC_NO_COMMON_BLOCKS = YES;
				GCC_OPTIMIZATION_LEVEL = 0;
				GCC_PREPROCESSOR_DEFINITIONS = (
					"DEBUG=1",
					"$(inherited)",
				);
				GCC_WARN_64_TO_32_BIT_CONVERSION = YES;
				GCC_WARN_ABOUT_RETURN_TYPE = YES_ERROR;
				GCC_WARN_UNDECLARED_SELECTOR = YES;
				GCC_WARN_UNINITIALIZED_AUTOS = YES_AGGRESSIVE;
				GCC_WARN_UNUSED_FUNCTION = YES;
				GCC_WARN_UNUSED_VARIABLE = YES;
				INFOPLIST_KEY_UIApplicationSceneManifest_Generation = YES;
				IPHONEOS_DEPLOYMENT_TARGET = 15.0;
				MTL_ENABLE_DEBUG_INFO = INCLUDE_SOURCE;
				MTL_FAST_MATH = YES;
				ONLY_ACTIVE_ARCH = YES;
				SDKROOT = iphoneos;
				SWIFT_ACTIVE_COMPILATION_CONDITIONS = DEBUG;
				SWIFT_OPTIMIZATION_LEVEL = "-Onone";
			};
			name = Debug;
		};
		16BA5B6E28011EF800AC8BF9 /* Release */ = {
			isa = XCBuildConfiguration;
			buildSettings = {
				ALWAYS_SEARCH_USER_PATHS = NO;
				CLANG_ANALYZER_NONNULL = YES;
				CLANG_ANALYZER_NUMBER_OBJECT_CONVERSION = YES_AGGRESSIVE;
				CLANG_CXX_LANGUAGE_STANDARD = "gnu++17";
				CLANG_ENABLE_MODULES = YES;
				CLANG_ENABLE_OBJC_ARC = YES;
				CLANG_ENABLE_OBJC_WEAK = YES;
				CLANG_WARN_BLOCK_CAPTURE_AUTORELEASING = YES;
				CLANG_WARN_BOOL_CONVERSION = YES;
				CLANG_WARN_COMMA = YES;
				CLANG_WARN_CONSTANT_CONVERSION = YES;
				CLANG_WARN_DEPRECATED_OBJC_IMPLEMENTATIONS = YES;
				CLANG_WARN_DIRECT_OBJC_ISA_USAGE = YES_ERROR;
				CLANG_WARN_DOCUMENTATION_COMMENTS = YES;
				CLANG_WARN_EMPTY_BODY = YES;
				CLANG_WARN_ENUM_CONVERSION = YES;
				CLANG_WARN_INFINITE_RECURSION = YES;
				CLANG_WARN_INT_CONVERSION = YES;
				CLANG_WARN_NON_LITERAL_NULL_CONVERSION = YES;
				CLANG_WARN_OBJC_IMPLICIT_RETAIN_SELF = YES;
				CLANG_WARN_OBJC_LITERAL_CONVERSION = YES;
				CLANG_WARN_OBJC_ROOT_CLASS = YES_ERROR;
				CLANG_WARN_QUOTED_INCLUDE_IN_FRAMEWORK_HEADER = YES;
				CLANG_WARN_RANGE_LOOP_ANALYSIS = YES;
				CLANG_WARN_STRICT_PROTOTYPES = YES;
				CLANG_WARN_SUSPICIOUS_MOVE = YES;
				CLANG_WARN_UNGUARDED_AVAILABILITY = YES_AGGRESSIVE;
				CLANG_WARN_UNREACHABLE_CODE = YES;
				CLANG_WARN__DUPLICATE_METHOD_MATCH = YES;
				COPY_PHASE_STRIP = NO;
				DEBUG_INFORMATION_FORMAT = "dwarf-with-dsym";
				ENABLE_NS_ASSERTIONS = NO;
				ENABLE_STRICT_OBJC_MSGSEND = YES;
				GCC_C_LANGUAGE_STANDARD = gnu11;
				GCC_NO_COMMON_BLOCKS = YES;
				GCC_WARN_64_TO_32_BIT_CONVERSION = YES;
				GCC_WARN_ABOUT_RETURN_TYPE = YES_ERROR;
				GCC_WARN_UNDECLARED_SELECTOR = YES;
				GCC_WARN_UNINITIALIZED_AUTOS = YES_AGGRESSIVE;
				GCC_WARN_UNUSED_FUNCTION = YES;
				GCC_WARN_UNUSED_VARIABLE = YES;
				INFOPLIST_KEY_UIApplicationSceneManifest_Generation = YES;
				IPHONEOS_DEPLOYMENT_TARGET = 15.0;
				MTL_ENABLE_DEBUG_INFO = NO;
				MTL_FAST_MATH = YES;
				SDKROOT = iphoneos;
				SWIFT_COMPILATION_MODE = wholemodule;
				SWIFT_OPTIMIZATION_LEVEL = "-O";
				VALIDATE_PRODUCT = YES;
			};
			name = Release;
		};
		16BA5B7028011EF800AC8BF9 /* Debug */ = {
			isa = XCBuildConfiguration;
			baseConfigurationReference = 1AF01D83BED2CC3C67D9AA8F /* Pods-TestSimple.debug.xcconfig */;
			buildSettings = {
				ASSETCATALOG_COMPILER_APPICON_NAME = AppIcon;
				ASSETCATALOG_COMPILER_GLOBAL_ACCENT_COLOR_NAME = AccentColor;
				ASSETCATALOG_COMPILER_INCLUDE_ALL_APPICON_ASSETS = YES;
				CODE_SIGN_STYLE = Automatic;
				CURRENT_PROJECT_VERSION = 1;
				DEVELOPMENT_TEAM = 4TXZUH6GYB;
				GENERATE_INFOPLIST_FILE = YES;
				INFOPLIST_FILE = TestSimple/Info.plist;
				INFOPLIST_KEY_UIApplicationSupportsIndirectInputEvents = YES;
				INFOPLIST_KEY_UILaunchStoryboardName = LaunchScreen;
				INFOPLIST_KEY_UIMainStoryboardFile = Main;
				INFOPLIST_KEY_UISupportedInterfaceOrientations_iPad = "UIInterfaceOrientationPortrait UIInterfaceOrientationPortraitUpsideDown UIInterfaceOrientationLandscapeLeft UIInterfaceOrientationLandscapeRight";
				INFOPLIST_KEY_UISupportedInterfaceOrientations_iPhone = "UIInterfaceOrientationPortrait UIInterfaceOrientationLandscapeLeft UIInterfaceOrientationLandscapeRight";
				LD_RUNPATH_SEARCH_PATHS = (
					"$(inherited)",
					"@executable_path/Frameworks",
				);
				MARKETING_VERSION = 1.0;
				PRODUCT_BUNDLE_IDENTIFIER = dylee.TestSimple;
				PRODUCT_NAME = "$(TARGET_NAME)";
				SWIFT_EMIT_LOC_STRINGS = YES;
				SWIFT_VERSION = 5.0;
				TARGETED_DEVICE_FAMILY = "1,2";
			};
			name = Debug;
		};
		16BA5B7128011EF800AC8BF9 /* Release */ = {
			isa = XCBuildConfiguration;
			baseConfigurationReference = 318148AEA1F2BEDCB5DBEEED /* Pods-TestSimple.release.xcconfig */;
			buildSettings = {
				ASSETCATALOG_COMPILER_APPICON_NAME = AppIcon;
				ASSETCATALOG_COMPILER_GLOBAL_ACCENT_COLOR_NAME = AccentColor;
				ASSETCATALOG_COMPILER_INCLUDE_ALL_APPICON_ASSETS = YES;
				CODE_SIGN_STYLE = Automatic;
				CURRENT_PROJECT_VERSION = 1;
				DEVELOPMENT_TEAM = 4TXZUH6GYB;
				GENERATE_INFOPLIST_FILE = YES;
				INFOPLIST_FILE = TestSimple/Info.plist;
				INFOPLIST_KEY_UIApplicationSupportsIndirectInputEvents = YES;
				INFOPLIST_KEY_UILaunchStoryboardName = LaunchScreen;
				INFOPLIST_KEY_UIMainStoryboardFile = Main;
				INFOPLIST_KEY_UISupportedInterfaceOrientations_iPad = "UIInterfaceOrientationPortrait UIInterfaceOrientationPortraitUpsideDown UIInterfaceOrientationLandscapeLeft UIInterfaceOrientationLandscapeRight";
				INFOPLIST_KEY_UISupportedInterfaceOrientations_iPhone = "UIInterfaceOrientationPortrait UIInterfaceOrientationLandscapeLeft UIInterfaceOrientationLandscapeRight";
				LD_RUNPATH_SEARCH_PATHS = (
					"$(inherited)",
					"@executable_path/Frameworks",
				);
				MARKETING_VERSION = 1.0;
				PRODUCT_BUNDLE_IDENTIFIER = dylee.TestSimple;
				PRODUCT_NAME = "$(TARGET_NAME)";
				SWIFT_EMIT_LOC_STRINGS = YES;
				SWIFT_VERSION = 5.0;
				TARGETED_DEVICE_FAMILY = "1,2";
			};
			name = Release;
		};
/* End XCBuildConfiguration section */

/* Begin XCConfigurationList section */
		16BA5B5628011EF600AC8BF9 /* Build configuration list for PBXProject "TestSimple" */ = {
			isa = XCConfigurationList;
			buildConfigurations = (
				16BA5B6D28011EF800AC8BF9 /* Debug */,
				16BA5B6E28011EF800AC8BF9 /* Release */,
			);
			defaultConfigurationIsVisible = 0;
			defaultConfigurationName = Release;
		};
		16BA5B6F28011EF800AC8BF9 /* Build configuration list for PBXNativeTarget "TestSimple" */ = {
			isa = XCConfigurationList;
			buildConfigurations = (
				16BA5B7028011EF800AC8BF9 /* Debug */,
				16BA5B7128011EF800AC8BF9 /* Release */,
			);
			defaultConfigurationIsVisible = 0;
			defaultConfigurationName = Release;
		};
/* End XCConfigurationList section */
	};
	rootObject = 16BA5B5328011EF600AC8BF9 /* Project object */;
}
